{
  "version": "4",
  "specifiers": {
    "jsr:@std/assert@^1.0.10": "1.0.10",
    "jsr:@std/expect@*": "1.0.10",
    "jsr:@std/internal@^1.0.5": "1.0.5",
    "jsr:@std/testing@*": "1.0.8",
    "npm:@fast-csv/format@*": "5.0.2",
    "npm:@mobily/ts-belt@*": "3.13.1",
    "npm:pdfjs-dist@*": "4.9.155",
    "npm:ramda@*": "0.30.1",
    "npm:zod@*": "3.23.8"
  },
  "jsr": {
    "@std/assert@1.0.10": {
      "integrity": "59b5cbac5bd55459a19045d95cc7c2ff787b4f8527c0dd195078ff6f9481fbb3",
      "dependencies": [
        "jsr:@std/internal"
      ]
    },
    "@std/expect@1.0.10": {
      "integrity": "7659b640447887cd1735f866962e10e434f12443b13595b149970c806e6f08db",
      "dependencies": [
        "jsr:@std/assert",
        "jsr:@std/internal"
      ]
    },
    "@std/internal@1.0.5": {
      "integrity": "54a546004f769c1ac9e025abd15a76b6671ddc9687e2313b67376125650dc7ba"
    },
    "@std/testing@1.0.8": {
      "integrity": "ceef535808fb7568e91b0f8263599bd29b1c5603ffb0377227f00a8ca9fe42a2",
      "dependencies": [
        "jsr:@std/assert",
        "jsr:@std/internal"
      ]
    }
  },
  "npm": {
    "@fast-csv/format@5.0.2": {
      "integrity": "sha512-fRYcWvI8vs0Zxa/8fXd/QlmQYWWkJqKZPAXM+vksnplb3owQFKTPPh9JqOtD0L3flQw/AZjjXdPkD7Kp/uHm8g==",
      "dependencies": [
        "lodash.escaperegexp",
        "lodash.isboolean",
        "lodash.isequal",
        "lodash.isfunction",
        "lodash.isnil"
      ]
    },
    "@mobily/ts-belt@3.13.1": {
      "integrity": "sha512-K5KqIhPI/EoCTbA6CGbrenM9s41OouyK8A03fGJJcla/zKucsgLbz8HNbeseoLarRPgyWJsUyCYqFhI7t3Ra9Q=="
    },
    "@napi-rs/canvas-android-arm64@0.1.65": {
      "integrity": "sha512-ZYwqFYEKcT5Zr8lbiaJNJj/poLaeK2TncolY914r+gD2TJNeP7ZqvE7A2SX/1C9MB4E3DQEwm3YhL3WEf0x3MQ=="
    },
    "@napi-rs/canvas-darwin-arm64@0.1.65": {
      "integrity": "sha512-Pg1pfiJEyDIsX+V0QaJPRWvXbw5zmWAk3bivFCvt/5pwZb37/sT6E/RqPHT9NnqpDyKW6SriwY9ypjljysUA1Q=="
    },
    "@napi-rs/canvas-darwin-x64@0.1.65": {
      "integrity": "sha512-3Tr+/HjdJN7Z/VKIcsxV2DvDIibZCExgfYTgljCkUSFuoI7iNkOE6Dc1Q6j212EB9PeO8KmfrViBqHYT6IwWkA=="
    },
    "@napi-rs/canvas-linux-arm-gnueabihf@0.1.65": {
      "integrity": "sha512-3KP+dYObH7CVkZMZWwk1WX9jRjL+EKdQtD43H8MOI+illf+dwqLlecdQ4d9bQRIxELKJ8dyPWY4fOp/Ngufrdg=="
    },
    "@napi-rs/canvas-linux-arm64-gnu@0.1.65": {
      "integrity": "sha512-Ka3StKz7Dq7kjTF3nNJCq43UN/VlANS7qGE3dWkn1d+tQNsCRy/wRmyt1TUFzIjRqcTFMQNRbgYq84+53UBA0A=="
    },
    "@napi-rs/canvas-linux-arm64-musl@0.1.65": {
      "integrity": "sha512-O4xMASm2JrmqYoiDyxVWi+z5C14H+oVEag2rZ5iIA67dhWqYZB+iO7wCFpBYRj31JPBR29FOsu6X9zL+DwBFdw=="
    },
    "@napi-rs/canvas-linux-riscv64-gnu@0.1.65": {
      "integrity": "sha512-dblWDaA59ZU8bPbkfM+riSke7sFbNZ70LEevUdI5rgiFEUzYUQlU34gSBzemTACj5rCWt1BYeu0GfkLSjNMBSw=="
    },
    "@napi-rs/canvas-linux-x64-gnu@0.1.65": {
      "integrity": "sha512-wsp+atutw13OJXGU3DDkdngtBDoEg01IuK5xMe0L6VFPV8maGkh17CXze078OD5QJOc6kFyw3DDscMLOPF8+oA=="
    },
    "@napi-rs/canvas-linux-x64-musl@0.1.65": {
      "integrity": "sha512-odX+nN+IozWzhdj31INcHz3Iy9+EckNw+VqsZcaUxZOTu7/3FmktRNI6aC1qe5minZNv1m05YOS1FVf7fvmjlA=="
    },
    "@napi-rs/canvas-win32-x64-msvc@0.1.65": {
      "integrity": "sha512-RZQX3luWnlNWgdMnLMQ1hyfQraeAn9lnxWWVCHuUM4tAWEV8UDdeb7cMwmJW7eyt8kAosmjeHt3cylQMHOxGFg=="
    },
    "@napi-rs/canvas@0.1.65": {
      "integrity": "sha512-YcFhXQcp+b2d38zFOJNbpyPHnIL7KAEkhJQ+UeeKI5IpE9B8Cpf/M6RiHPQXSsSqnYbrfFylnW49dyh2oeSblQ==",
      "dependencies": [
        "@napi-rs/canvas-android-arm64",
        "@napi-rs/canvas-darwin-arm64",
        "@napi-rs/canvas-darwin-x64",
        "@napi-rs/canvas-linux-arm-gnueabihf",
        "@napi-rs/canvas-linux-arm64-gnu",
        "@napi-rs/canvas-linux-arm64-musl",
        "@napi-rs/canvas-linux-riscv64-gnu",
        "@napi-rs/canvas-linux-x64-gnu",
        "@napi-rs/canvas-linux-x64-musl",
        "@napi-rs/canvas-win32-x64-msvc"
      ]
    },
    "lodash.escaperegexp@4.1.2": {
      "integrity": "sha512-TM9YBvyC84ZxE3rgfefxUWiQKLilstD6k7PTGt6wfbtXF8ixIJLOL3VYyV/z+ZiPLsVxAsKAFVwWlWeb2Y8Yyw=="
    },
    "lodash.isboolean@3.0.3": {
      "integrity": "sha512-Bz5mupy2SVbPHURB98VAcw+aHh4vRV5IPNhILUCsOzRmsTmSQ17jIuqopAentWoehktxGd9e/hbIXq980/1QJg=="
    },
    "lodash.isequal@4.5.0": {
      "integrity": "sha512-pDo3lu8Jhfjqls6GkMgpahsF9kCyayhgykjyLMNFTKWrpVdAQtYyB4muAMWozBB4ig/dtWAmsMxLEI8wuz+DYQ=="
    },
    "lodash.isfunction@3.0.9": {
      "integrity": "sha512-AirXNj15uRIMMPihnkInB4i3NHeb4iBtNg9WRWuK2o31S+ePwwNmDPaTL3o7dTJ+VXNZim7rFs4rxN4YU1oUJw=="
    },
    "lodash.isnil@4.0.0": {
      "integrity": "sha512-up2Mzq3545mwVnMhTDMdfoG1OurpA/s5t88JmQX809eH3C8491iu2sfKhTfhQtKY78oPNhiaHJUpT/dUDAAtng=="
    },
    "pdfjs-dist@4.9.155": {
      "integrity": "sha512-epRZn6DQQKCOEqbmFsxkiMBm1MHaNrnr6T4VBNP0bsDvdJdmrWcZbS5cgJXW68P0d3uJTlFhF6Wms2tlSgPYig==",
      "dependencies": [
        "@napi-rs/canvas"
      ]
    },
    "ramda@0.30.1": {
      "integrity": "sha512-tEF5I22zJnuclswcZMc8bDIrwRHRzf+NqVEmqg50ShAZMP7MWeR/RGDthfM/p+BlqvF2fXAzpn8i+SJcYD3alw=="
    },
    "zod@3.23.8": {
      "integrity": "sha512-XBx9AXhXktjUqnepgTiE5flcKIYWi/rme0Eaj+5Y0lftuGBq+jyRu/md4WnuxqgP1ubdpNCsYEYPxrzVHD8d6g=="
    }
  }
}
