
Microsoft Visual Studio Solution File, Format Version 12.00
# Visual Studio 15
VisualStudioVersion = 15.0.26124.0
MinimumVisualStudioVersion = 15.0.26124.0
Project("{2150E333-8FDC-42A3-9474-1A3956D46DE8}") = "src", "src", "{F0BBA2B0-7A33-4B4C-99D7-6D94F35F5367}"
EndProject
Project("{F2A71F9B-5D33-465A-A702-920D77279786}") = "Formatter", "src\Formatter\Formatter.fsproj", "{AC99FF1F-5A32-4CFD-AD43-1495E456712E}"
EndProject
Project("{F2A71F9B-5D33-465A-A702-920D77279786}") = "Formatter.Tests", "src\Formatter.Tests\Formatter.Tests.fsproj", "{853C79DF-A75B-4A20-9A4D-AA6A20E8A0E4}"
EndProject
Project("{F2A71F9B-5D33-465A-A702-920D77279786}") = "App", "src\App\App.fsproj", "{24406445-D667-4467-BCED-AF88E7912825}"
EndProject
Global
	GlobalSection(SolutionConfigurationPlatforms) = preSolution
		Debug|Any CPU = Debug|Any CPU
		Debug|x64 = Debug|x64
		Debug|x86 = Debug|x86
		Release|Any CPU = Release|Any CPU
		Release|x64 = Release|x64
		Release|x86 = Release|x86
	EndGlobalSection
	GlobalSection(SolutionProperties) = preSolution
		HideSolutionNode = FALSE
	EndGlobalSection
	GlobalSection(ProjectConfigurationPlatforms) = postSolution
		{AC99FF1F-5A32-4CFD-AD43-1495E456712E}.Debug|Any CPU.ActiveCfg = Debug|Any CPU
		{AC99FF1F-5A32-4CFD-AD43-1495E456712E}.Debug|Any CPU.Build.0 = Debug|Any CPU
		{AC99FF1F-5A32-4CFD-AD43-1495E456712E}.Debug|x64.ActiveCfg = Debug|Any CPU
		{AC99FF1F-5A32-4CFD-AD43-1495E456712E}.Debug|x64.Build.0 = Debug|Any CPU
		{AC99FF1F-5A32-4CFD-AD43-1495E456712E}.Debug|x86.ActiveCfg = Debug|Any CPU
		{AC99FF1F-5A32-4CFD-AD43-1495E456712E}.Debug|x86.Build.0 = Debug|Any CPU
		{AC99FF1F-5A32-4CFD-AD43-1495E456712E}.Release|Any CPU.ActiveCfg = Release|Any CPU
		{AC99FF1F-5A32-4CFD-AD43-1495E456712E}.Release|Any CPU.Build.0 = Release|Any CPU
		{AC99FF1F-5A32-4CFD-AD43-1495E456712E}.Release|x64.ActiveCfg = Release|Any CPU
		{AC99FF1F-5A32-4CFD-AD43-1495E456712E}.Release|x64.Build.0 = Release|Any CPU
		{AC99FF1F-5A32-4CFD-AD43-1495E456712E}.Release|x86.ActiveCfg = Release|Any CPU
		{AC99FF1F-5A32-4CFD-AD43-1495E456712E}.Release|x86.Build.0 = Release|Any CPU
		{853C79DF-A75B-4A20-9A4D-AA6A20E8A0E4}.Debug|Any CPU.ActiveCfg = Debug|Any CPU
		{853C79DF-A75B-4A20-9A4D-AA6A20E8A0E4}.Debug|Any CPU.Build.0 = Debug|Any CPU
		{853C79DF-A75B-4A20-9A4D-AA6A20E8A0E4}.Debug|x64.ActiveCfg = Debug|Any CPU
		{853C79DF-A75B-4A20-9A4D-AA6A20E8A0E4}.Debug|x64.Build.0 = Debug|Any CPU
		{853C79DF-A75B-4A20-9A4D-AA6A20E8A0E4}.Debug|x86.ActiveCfg = Debug|Any CPU
		{853C79DF-A75B-4A20-9A4D-AA6A20E8A0E4}.Debug|x86.Build.0 = Debug|Any CPU
		{853C79DF-A75B-4A20-9A4D-AA6A20E8A0E4}.Release|Any CPU.ActiveCfg = Release|Any CPU
		{853C79DF-A75B-4A20-9A4D-AA6A20E8A0E4}.Release|Any CPU.Build.0 = Release|Any CPU
		{853C79DF-A75B-4A20-9A4D-AA6A20E8A0E4}.Release|x64.ActiveCfg = Release|Any CPU
		{853C79DF-A75B-4A20-9A4D-AA6A20E8A0E4}.Release|x64.Build.0 = Release|Any CPU
		{853C79DF-A75B-4A20-9A4D-AA6A20E8A0E4}.Release|x86.ActiveCfg = Release|Any CPU
		{853C79DF-A75B-4A20-9A4D-AA6A20E8A0E4}.Release|x86.Build.0 = Release|Any CPU
		{24406445-D667-4467-BCED-AF88E7912825}.Debug|Any CPU.ActiveCfg = Debug|Any CPU
		{24406445-D667-4467-BCED-AF88E7912825}.Debug|Any CPU.Build.0 = Debug|Any CPU
		{24406445-D667-4467-BCED-AF88E7912825}.Debug|x64.ActiveCfg = Debug|Any CPU
		{24406445-D667-4467-BCED-AF88E7912825}.Debug|x64.Build.0 = Debug|Any CPU
		{24406445-D667-4467-BCED-AF88E7912825}.Debug|x86.ActiveCfg = Debug|Any CPU
		{24406445-D667-4467-BCED-AF88E7912825}.Debug|x86.Build.0 = Debug|Any CPU
		{24406445-D667-4467-BCED-AF88E7912825}.Release|Any CPU.ActiveCfg = Release|Any CPU
		{24406445-D667-4467-BCED-AF88E7912825}.Release|Any CPU.Build.0 = Release|Any CPU
		{24406445-D667-4467-BCED-AF88E7912825}.Release|x64.ActiveCfg = Release|Any CPU
		{24406445-D667-4467-BCED-AF88E7912825}.Release|x64.Build.0 = Release|Any CPU
		{24406445-D667-4467-BCED-AF88E7912825}.Release|x86.ActiveCfg = Release|Any CPU
		{24406445-D667-4467-BCED-AF88E7912825}.Release|x86.Build.0 = Release|Any CPU
	EndGlobalSection
	GlobalSection(NestedProjects) = preSolution
		{AC99FF1F-5A32-4CFD-AD43-1495E456712E} = {F0BBA2B0-7A33-4B4C-99D7-6D94F35F5367}
		{853C79DF-A75B-4A20-9A4D-AA6A20E8A0E4} = {F0BBA2B0-7A33-4B4C-99D7-6D94F35F5367}
		{24406445-D667-4467-BCED-AF88E7912825} = {F0BBA2B0-7A33-4B4C-99D7-6D94F35F5367}
	EndGlobalSection
EndGlobal
